
Microsoft Visual Studio Solution File, Format Version 12.00
# Visual Studio Version 17
VisualStudioVersion = 17.0.31903.59
MinimumVisualStudioVersion = 10.0.40219.1
Project("{2150E333-8FDC-42A3-9474-1A3956D46DE8}") = "Clients", "Clients", "{C89FD372-4F80-4BB8-AF6A-CC4CA29B1112}"
EndProject
Project("{FAE04EC0-301F-11D3-BF4B-00C04F79EFBC}") = "BlazorApp", "Clients\Blazor.Client\BlazorApp.csproj", "{2C16F2A0-4BD4-483A-9F6E-A6D8562CCDFF}"
EndProject
Project("{2150E333-8FDC-42A3-9474-1A3956D46DE8}") = "ApiGateway", "ApiGateway", "{A830C2AE-8AC8-4C9B-93DB-4AB188F8A813}"
EndProject
Project("{2150E333-8FDC-42A3-9474-1A3956D46DE8}") = "IdentityProvider", "IdentityProvider", "{0A659B6D-BC61-4326-ACFF-44C6C59CAE52}"
EndProject
Project("{2150E333-8FDC-42A3-9474-1A3956D46DE8}") = "MicroServices", "MicroServices", "{2341A28A-608F-4ADD-844C-C8D11F396B9D}"
EndProject
Project("{2150E333-8FDC-42A3-9474-1A3956D46DE8}") = "Shared.Models", "Shared.Models", "{659B00F9-F6F6-4D37-B18B-CE35EAF6D2F4}"
EndProject
Project("{2150E333-8FDC-42A3-9474-1A3956D46DE8}") = "ProductCatalog", "ProductCatalog", "{80EF3BE8-CC0F-42F3-B77D-F19B6E24CC03}"
EndProject
Project("{2150E333-8FDC-42A3-9474-1A3956D46DE8}") = "ShoppingCart", "ShoppingCart", "{4D80E68C-A6A2-4D8F-943D-A547EA1201D2}"
EndProject
Project("{FAE04EC0-301F-11D3-BF4B-00C04F79EFBC}") = "ProductCatalog.Api", "MicroServices\ProductCatalog\ProductCatalog.Api\ProductCatalog.Api.csproj", "{ED0E7073-B7D8-4BA4-9FB0-2EF3605CE4EE}"
EndProject
Project("{FAE04EC0-301F-11D3-BF4B-00C04F79EFBC}") = "ProductCatalog.Domain", "MicroServices\ProductCatalog\ProductCatalog.Domain\ProductCatalog.Domain.csproj", "{192B122C-6A6D-43B6-87A2-F121132FED6F}"
EndProject
Project("{FAE04EC0-301F-11D3-BF4B-00C04F79EFBC}") = "ProductCatalog.Infrastructure", "MicroServices\ProductCatalog\ProductCatalog.Infrastructure\ProductCatalog.Infrastructure.csproj", "{7D4D4AEA-EBBC-4BED-A99B-F4F3906DE613}"
EndProject
Project("{FAE04EC0-301F-11D3-BF4B-00C04F79EFBC}") = "ShoppingCart.Api", "MicroServices\ShoppingCart\ShoppingCart.Api\ShoppingCart.Api.csproj", "{09C08582-6770-4D15-A410-205336E4E22D}"
EndProject
Project("{FAE04EC0-301F-11D3-BF4B-00C04F79EFBC}") = "ShoppingCart.Domain", "MicroServices\ShoppingCart\ShoppingCart.Domain\ShoppingCart.Domain.csproj", "{9B2E715E-444A-4B77-A72F-8D0B574A7321}"
EndProject
Project("{FAE04EC0-301F-11D3-BF4B-00C04F79EFBC}") = "ShoppingCart.Infrastructure", "MicroServices\ShoppingCart\ShoppingCart.Infrastructure\ShoppingCart.Infrastructure.csproj", "{35EBB465-C6C6-4A73-B1EB-C642B6DF1563}"
EndProject
Global
	GlobalSection(SolutionConfigurationPlatforms) = preSolution
		Debug|Any CPU = Debug|Any CPU
		Release|Any CPU = Release|Any CPU
	EndGlobalSection
	GlobalSection(ProjectConfigurationPlatforms) = postSolution
		{2C16F2A0-4BD4-483A-9F6E-A6D8562CCDFF}.Debug|Any CPU.ActiveCfg = Debug|Any CPU
		{2C16F2A0-4BD4-483A-9F6E-A6D8562CCDFF}.Debug|Any CPU.Build.0 = Debug|Any CPU
		{2C16F2A0-4BD4-483A-9F6E-A6D8562CCDFF}.Release|Any CPU.ActiveCfg = Release|Any CPU
		{2C16F2A0-4BD4-483A-9F6E-A6D8562CCDFF}.Release|Any CPU.Build.0 = Release|Any CPU
		{ED0E7073-B7D8-4BA4-9FB0-2EF3605CE4EE}.Debug|Any CPU.ActiveCfg = Debug|Any CPU
		{ED0E7073-B7D8-4BA4-9FB0-2EF3605CE4EE}.Debug|Any CPU.Build.0 = Debug|Any CPU
		{ED0E7073-B7D8-4BA4-9FB0-2EF3605CE4EE}.Release|Any CPU.ActiveCfg = Release|Any CPU
		{ED0E7073-B7D8-4BA4-9FB0-2EF3605CE4EE}.Release|Any CPU.Build.0 = Release|Any CPU
		{192B122C-6A6D-43B6-87A2-F121132FED6F}.Debug|Any CPU.ActiveCfg = Debug|Any CPU
		{192B122C-6A6D-43B6-87A2-F121132FED6F}.Debug|Any CPU.Build.0 = Debug|Any CPU
		{192B122C-6A6D-43B6-87A2-F121132FED6F}.Release|Any CPU.ActiveCfg = Release|Any CPU
		{192B122C-6A6D-43B6-87A2-F121132FED6F}.Release|Any CPU.Build.0 = Release|Any CPU
		{7D4D4AEA-EBBC-4BED-A99B-F4F3906DE613}.Debug|Any CPU.ActiveCfg = Debug|Any CPU
		{7D4D4AEA-EBBC-4BED-A99B-F4F3906DE613}.Debug|Any CPU.Build.0 = Debug|Any CPU
		{7D4D4AEA-EBBC-4BED-A99B-F4F3906DE613}.Release|Any CPU.ActiveCfg = Release|Any CPU
		{7D4D4AEA-EBBC-4BED-A99B-F4F3906DE613}.Release|Any CPU.Build.0 = Release|Any CPU
		{09C08582-6770-4D15-A410-205336E4E22D}.Debug|Any CPU.ActiveCfg = Debug|Any CPU
		{09C08582-6770-4D15-A410-205336E4E22D}.Debug|Any CPU.Build.0 = Debug|Any CPU
		{09C08582-6770-4D15-A410-205336E4E22D}.Release|Any CPU.ActiveCfg = Release|Any CPU
		{09C08582-6770-4D15-A410-205336E4E22D}.Release|Any CPU.Build.0 = Release|Any CPU
		{9B2E715E-444A-4B77-A72F-8D0B574A7321}.Debug|Any CPU.ActiveCfg = Debug|Any CPU
		{9B2E715E-444A-4B77-A72F-8D0B574A7321}.Debug|Any CPU.Build.0 = Debug|Any CPU
		{9B2E715E-444A-4B77-A72F-8D0B574A7321}.Release|Any CPU.ActiveCfg = Release|Any CPU
		{9B2E715E-444A-4B77-A72F-8D0B574A7321}.Release|Any CPU.Build.0 = Release|Any CPU
		{35EBB465-C6C6-4A73-B1EB-C642B6DF1563}.Debug|Any CPU.ActiveCfg = Debug|Any CPU
		{35EBB465-C6C6-4A73-B1EB-C642B6DF1563}.Debug|Any CPU.Build.0 = Debug|Any CPU
		{35EBB465-C6C6-4A73-B1EB-C642B6DF1563}.Release|Any CPU.ActiveCfg = Release|Any CPU
		{35EBB465-C6C6-4A73-B1EB-C642B6DF1563}.Release|Any CPU.Build.0 = Release|Any CPU
	EndGlobalSection
	GlobalSection(SolutionProperties) = preSolution
		HideSolutionNode = FALSE
	EndGlobalSection
	GlobalSection(NestedProjects) = preSolution
		{2C16F2A0-4BD4-483A-9F6E-A6D8562CCDFF} = {C89FD372-4F80-4BB8-AF6A-CC4CA29B1112}
		{80EF3BE8-CC0F-42F3-B77D-F19B6E24CC03} = {2341A28A-608F-4ADD-844C-C8D11F396B9D}
		{4D80E68C-A6A2-4D8F-943D-A547EA1201D2} = {2341A28A-608F-4ADD-844C-C8D11F396B9D}
		{ED0E7073-B7D8-4BA4-9FB0-2EF3605CE4EE} = {80EF3BE8-CC0F-42F3-B77D-F19B6E24CC03}
		{192B122C-6A6D-43B6-87A2-F121132FED6F} = {80EF3BE8-CC0F-42F3-B77D-F19B6E24CC03}
		{7D4D4AEA-EBBC-4BED-A99B-F4F3906DE613} = {80EF3BE8-CC0F-42F3-B77D-F19B6E24CC03}
		{09C08582-6770-4D15-A410-205336E4E22D} = {4D80E68C-A6A2-4D8F-943D-A547EA1201D2}
		{9B2E715E-444A-4B77-A72F-8D0B574A7321} = {4D80E68C-A6A2-4D8F-943D-A547EA1201D2}
		{35EBB465-C6C6-4A73-B1EB-C642B6DF1563} = {4D80E68C-A6A2-4D8F-943D-A547EA1201D2}
	EndGlobalSection
EndGlobal
